// !$*UTF8*$!
{
	archiveVersion = 1;
	classes = {
	};
	objectVersion = 46;
	objects = {

/* Begin PBXBuildFile section */
		57500E281EBFE26E005896DD /* MenuBar.swift in Sources */ = {isa = PBXBuildFile; fileRef = 57500E271EBFE26E005896DD /* MenuBar.swift */; };
		577B720D1EB8048000E2B4DF /* Extensions.swift in Sources */ = {isa = PBXBuildFile; fileRef = 577B720C1EB8048000E2B4DF /* Extensions.swift */; };
		577B72101EB804FA00E2B4DF /* VideoCell.swift in Sources */ = {isa = PBXBuildFile; fileRef = 577B720F1EB804FA00E2B4DF /* VideoCell.swift */; };
		57E2EB8D1EB4079000486853 /* AppDelegate.swift in Sources */ = {isa = PBXBuildFile; fileRef = 57E2EB8C1EB4079000486853 /* AppDelegate.swift */; };
		57E2EB8F1EB4079000486853 /* HomeController.swift in Sources */ = {isa = PBXBuildFile; fileRef = 57E2EB8E1EB4079000486853 /* HomeController.swift */; };
		57E2EB921EB4079000486853 /* Main.storyboard in Resources */ = {isa = PBXBuildFile; fileRef = 57E2EB901EB4079000486853 /* Main.storyboard */; };
		57E2EB941EB4079000486853 /* Assets.xcassets in Resources */ = {isa = PBXBuildFile; fileRef = 57E2EB931EB4079000486853 /* Assets.xcassets */; };
		57E2EB971EB4079000486853 /* LaunchScreen.storyboard in Resources */ = {isa = PBXBuildFile; fileRef = 57E2EB951EB4079000486853 /* LaunchScreen.storyboard */; };
/* End PBXBuildFile section */

/* Begin PBXFileReference section */
		57500E271EBFE26E005896DD /* MenuBar.swift */ = {isa = PBXFileReference; fileEncoding = 4; lastKnownFileType = sourcecode.swift; path = MenuBar.swift; sourceTree = "<group>"; };
		577B720C1EB8048000E2B4DF /* Extensions.swift */ = {isa = PBXFileReference; fileEncoding = 4; lastKnownFileType = sourcecode.swift; path = Extensions.swift; sourceTree = "<group>"; };
		577B720F1EB804FA00E2B4DF /* VideoCell.swift */ = {isa = PBXFileReference; fileEncoding = 4; lastKnownFileType = sourcecode.swift; path = VideoCell.swift; sourceTree = "<group>"; };
		57E2EB891EB4079000486853 /* youtube.app */ = {isa = PBXFileReference; explicitFileType = wrapper.application; includeInIndex = 0; path = youtube.app; sourceTree = BUILT_PRODUCTS_DIR; };
		57E2EB8C1EB4079000486853 /* AppDelegate.swift */ = {isa = PBXFileReference; lastKnownFileType = sourcecode.swift; path = AppDelegate.swift; sourceTree = "<group>"; };
		57E2EB8E1EB4079000486853 /* HomeController.swift */ = {isa = PBXFileReference; lastKnownFileType = sourcecode.swift; path = HomeController.swift; sourceTree = "<group>"; };
		57E2EB911EB4079000486853 /* Base */ = {isa = PBXFileReference; lastKnownFileType = file.storyboard; name = Base; path = Base.lproj/Main.storyboard; sourceTree = "<group>"; };
		57E2EB931EB4079000486853 /* Assets.xcassets */ = {isa = PBXFileReference; lastKnownFileType = folder.assetcatalog; path = Assets.xcassets; sourceTree = "<group>"; };
		57E2EB961EB4079000486853 /* Base */ = {isa = PBXFileReference; lastKnownFileType = file.storyboard; name = Base; path = Base.lproj/LaunchScreen.storyboard; sourceTree = "<group>"; };
		57E2EB981EB4079000486853 /* Info.plist */ = {isa = PBXFileReference; lastKnownFileType = text.plist.xml; path = Info.plist; sourceTree = "<group>"; };
/* End PBXFileReference section */

/* Begin PBXFrameworksBuildPhase section */
		57E2EB861EB4079000486853 /* Frameworks */ = {
			isa = PBXFrameworksBuildPhase;
			buildActionMask = 2147483647;
			files = (
			);
			runOnlyForDeploymentPostprocessing = 0;
		};
/* End PBXFrameworksBuildPhase section */

/* Begin PBXGroup section */
		577B720B1EB8045A00E2B4DF /* Helpers */ = {
			isa = PBXGroup;
			children = (
				577B720C1EB8048000E2B4DF /* Extensions.swift */,
			);
			name = Helpers;
			sourceTree = "<group>";
		};
		577B720E1EB804EF00E2B4DF /* View */ = {
			isa = PBXGroup;
			children = (
				577B720F1EB804FA00E2B4DF /* VideoCell.swift */,
				57500E271EBFE26E005896DD /* MenuBar.swift */,
			);
			name = View;
			sourceTree = "<group>";
		};
		577B72111EB8054C00E2B4DF /* Controller */ = {
			isa = PBXGroup;
			children = (
				57E2EB8E1EB4079000486853 /* HomeController.swift */,
			);
			name = Controller;
			sourceTree = "<group>";
		};
		57E2EB801EB4079000486853 = {
			isa = PBXGroup;
			children = (
				57E2EB8B1EB4079000486853 /* youtube */,
				57E2EB8A1EB4079000486853 /* Products */,
			);
			sourceTree = "<group>";
		};
		57E2EB8A1EB4079000486853 /* Products */ = {
			isa = PBXGroup;
			children = (
				57E2EB891EB4079000486853 /* youtube.app */,
			);
			name = Products;
			sourceTree = "<group>";
		};
		57E2EB8B1EB4079000486853 /* youtube */ = {
			isa = PBXGroup;
			children = (
				577B720E1EB804EF00E2B4DF /* View */,
				577B72111EB8054C00E2B4DF /* Controller */,
				577B720B1EB8045A00E2B4DF /* Helpers */,
				57E2EB8C1EB4079000486853 /* AppDelegate.swift */,
				57E2EB901EB4079000486853 /* Main.storyboard */,
				57E2EB931EB4079000486853 /* Assets.xcassets */,
				57E2EB951EB4079000486853 /* LaunchScreen.storyboard */,
				57E2EB981EB4079000486853 /* Info.plist */,
			);
			path = youtube;
			sourceTree = "<group>";
		};
/* End PBXGroup section */

/* Begin PBXNativeTarget section */
		57E2EB881EB4079000486853 /* youtube */ = {
			isa = PBXNativeTarget;
			buildConfigurationList = 57E2EB9B1EB4079000486853 /* Build configuration list for PBXNativeTarget "youtube" */;
			buildPhases = (
				57E2EB851EB4079000486853 /* Sources */,
				57E2EB861EB4079000486853 /* Frameworks */,
				57E2EB871EB4079000486853 /* Resources */,
			);
			buildRules = (
			);
			dependencies = (
			);
			name = youtube;
			productName = youtube;
			productReference = 57E2EB891EB4079000486853 /* youtube.app */;
			productType = "com.apple.product-type.application";
		};
/* End PBXNativeTarget section */

/* Begin PBXProject section */
		57E2EB811EB4079000486853 /* Project object */ = {
			isa = PBXProject;
			attributes = {
				LastSwiftUpdateCheck = 0830;
				LastUpgradeCheck = 0830;
				ORGANIZATIONNAME = utrillavictor;
				TargetAttributes = {
					57E2EB881EB4079000486853 = {
						CreatedOnToolsVersion = 8.3.2;
						ProvisioningStyle = Automatic;
					};
				};
			};
			buildConfigurationList = 57E2EB841EB4079000486853 /* Build configuration list for PBXProject "youtube" */;
			compatibilityVersion = "Xcode 3.2";
			developmentRegion = English;
			hasScannedForEncodings = 0;
			knownRegions = (
				en,
				Base,
			);
			mainGroup = 57E2EB801EB4079000486853;
			productRefGroup = 57E2EB8A1EB4079000486853 /* Products */;
			projectDirPath = "";
			projectRoot = "";
			targets = (
				57E2EB881EB4079000486853 /* youtube */,
			);
		};
/* End PBXProject section */

/* Begin PBXResourcesBuildPhase section */
		57E2EB871EB4079000486853 /* Resources */ = {
			isa = PBXResourcesBuildPhase;
			buildActionMask = 2147483647;
			files = (
				57E2EB971EB4079000486853 /* LaunchScreen.storyboard in Resources */,
				57E2EB941EB4079000486853 /* Assets.xcassets in Resources */,
				57E2EB921EB4079000486853 /* Main.storyboard in Resources */,
			);
			runOnlyForDeploymentPostprocessing = 0;
		};
/* End PBXResourcesBuildPhase section */

/* Begin PBXSourcesBuildPhase section */
		57E2EB851EB4079000486853 /* Sources */ = {
			isa = PBXSourcesBuildPhase;
			buildActionMask = 2147483647;
			files = (
				57E2EB8F1EB4079000486853 /* HomeController.swift in Sources */,
				577B72101EB804FA00E2B4DF /* VideoCell.swift in Sources */,
				577B720D1EB8048000E2B4DF /* Extensions.swift in Sources */,
				57E2EB8D1EB4079000486853 /* AppDelegate.swift in Sources */,
				57500E281EBFE26E005896DD /* MenuBar.swift in Sources */,
			);
			runOnlyForDeploymentPostprocessing = 0;
		};
/* End PBXSourcesBuildPhase section */

/* Begin PBXVariantGroup section */
		57E2EB901EB4079000486853 /* Main.storyboard */ = {
			isa = PBXVariantGroup;
			children = (
				57E2EB911EB4079000486853 /* Base */,
			);
			name = Main.storyboard;
			sourceTree = "<group>";
		};
		57E2EB951EB4079000486853 /* LaunchScreen.storyboard */ = {
			isa = PBXVariantGroup;
			children = (
				57E2EB961EB4079000486853 /* Base */,
			);
			name = LaunchScreen.storyboard;
			sourceTree = "<group>";
		};
/* End PBXVariantGroup section */

/* Begin XCBuildConfiguration section */
		57E2EB991EB4079000486853 /* Debug */ = {
			isa = XCBuildConfiguration;
			buildSettings = {
				ALWAYS_SEARCH_USER_PATHS = NO;
				CLANG_ANALYZER_NONNULL = YES;
				CLANG_ANALYZER_NUMBER_OBJECT_CONVERSION = YES_AGGRESSIVE;
				CLANG_CXX_LANGUAGE_STANDARD = "gnu++0x";
				CLANG_CXX_LIBRARY = "libc++";
				CLANG_ENABLE_MODULES = YES;
				CLANG_ENABLE_OBJC_ARC = YES;
				CLANG_WARN_BOOL_CONVERSION = YES;
				CLANG_WARN_CONSTANT_CONVERSION = YES;
				CLANG_WARN_DIRECT_OBJC_ISA_USAGE = YES_ERROR;
				CLANG_WARN_DOCUMENTATION_COMMENTS = YES;
				CLANG_WARN_EMPTY_BODY = YES;
				CLANG_WARN_ENUM_CONVERSION = YES;
				CLANG_WARN_INFINITE_RECURSION = YES;
				CLANG_WARN_INT_CONVERSION = YES;
				CLANG_WARN_OBJC_ROOT_CLASS = YES_ERROR;
				CLANG_WARN_SUSPICIOUS_MOVE = YES;
				CLANG_WARN_UNREACHABLE_CODE = YES;
				CLANG_WARN__DUPLICATE_METHOD_MATCH = YES;
				"CODE_SIGN_IDENTITY[sdk=iphoneos*]" = "iPhone Developer";
				COPY_PHASE_STRIP = NO;
				DEBUG_INFORMATION_FORMAT = dwarf;
				ENABLE_STRICT_OBJC_MSGSEND = YES;
				ENABLE_TESTABILITY = YES;
				GCC_C_LANGUAGE_STANDARD = gnu99;
				GCC_DYNAMIC_NO_PIC = NO;
				GCC_NO_COMMON_BLOCKS = YES;
				GCC_OPTIMIZATION_LEVEL = 0;
				GCC_PREPROCESSOR_DEFINITIONS = (
					"DEBUG=1",
					"$(inherited)",
				);
				GCC_WARN_64_TO_32_BIT_CONVERSION = YES;
				GCC_WARN_ABOUT_RETURN_TYPE = YES_ERROR;
				GCC_WARN_UNDECLARED_SELECTOR = YES;
				GCC_WARN_UNINITIALIZED_AUTOS = YES_AGGRESSIVE;
				GCC_WARN_UNUSED_FUNCTION = YES;
				GCC_WARN_UNUSED_VARIABLE = YES;
				IPHONEOS_DEPLOYMENT_TARGET = 10.3;
				MTL_ENABLE_DEBUG_INFO = YES;
				ONLY_ACTIVE_ARCH = YES;
				SDKROOT = iphoneos;
				SWIFT_ACTIVE_COMPILATION_CONDITIONS = DEBUG;
				SWIFT_OPTIMIZATION_LEVEL = "-Onone";
			};
			name = Debug;
		};
		57E2EB9A1EB4079000486853 /* Release */ = {
			isa = XCBuildConfiguration;
			buildSettings = {
				ALWAYS_SEARCH_USER_PATHS = NO;
				CLANG_ANALYZER_NONNULL = YES;
				CLANG_ANALYZER_NUMBER_OBJECT_CONVERSION = YES_AGGRESSIVE;
				CLANG_CXX_LANGUAGE_STANDARD = "gnu++0x";
				CLANG_CXX_LIBRARY = "libc++";
				CLANG_ENABLE_MODULES = YES;
				CLANG_ENABLE_OBJC_ARC = YES;
				CLANG_WARN_BOOL_CONVERSION = YES;
				CLANG_WARN_CONSTANT_CONVERSION = YES;
				CLANG_WARN_DIRECT_OBJC_ISA_USAGE = YES_ERROR;
				CLANG_WARN_DOCUMENTATION_COMMENTS = YES;
				CLANG_WARN_EMPTY_BODY = YES;
				CLANG_WARN_ENUM_CONVERSION = YES;
				CLANG_WARN_INFINITE_RECURSION = YES;
				CLANG_WARN_INT_CONVERSION = YES;
				CLANG_WARN_OBJC_ROOT_CLASS = YES_ERROR;
				CLANG_WARN_SUSPICIOUS_MOVE = YES;
				CLANG_WARN_UNREACHABLE_CODE = YES;
				CLANG_WARN__DUPLICATE_METHOD_MATCH = YES;
				"CODE_SIGN_IDENTITY[sdk=iphoneos*]" = "iPhone Developer";
				COPY_PHASE_STRIP = NO;
				DEBUG_INFORMATION_FORMAT = "dwarf-with-dsym";
				ENABLE_NS_ASSERTIONS = NO;
				ENABLE_STRICT_OBJC_MSGSEND = YES;
				GCC_C_LANGUAGE_STANDARD = gnu99;
				GCC_NO_COMMON_BLOCKS = YES;
				GCC_WARN_64_TO_32_BIT_CONVERSION = YES;
				GCC_WARN_ABOUT_RETURN_TYPE = YES_ERROR;
				GCC_WARN_UNDECLARED_SELECTOR = YES;
				GCC_WARN_UNINITIALIZED_AUTOS = YES_AGGRESSIVE;
				GCC_WARN_UNUSED_FUNCTION = YES;
				GCC_WARN_UNUSED_VARIABLE = YES;
				IPHONEOS_DEPLOYMENT_TARGET = 10.3;
				MTL_ENABLE_DEBUG_INFO = NO;
				SDKROOT = iphoneos;
				SWIFT_OPTIMIZATION_LEVEL = "-Owholemodule";
				VALIDATE_PRODUCT = YES;
			};
			name = Release;
		};
		57E2EB9C1EB4079000486853 /* Debug */ = {
			isa = XCBuildConfiguration;
			buildSettings = {
				ASSETCATALOG_COMPILER_APPICON_NAME = AppIcon;
				INFOPLIST_FILE = youtube/Info.plist;
				IPHONEOS_DEPLOYMENT_TARGET = 10.0;
				LD_RUNPATH_SEARCH_PATHS = "$(inherited) @executable_path/Frameworks";
				PRODUCT_BUNDLE_IDENTIFIER = com.utrillavictor.youtube;
				PRODUCT_NAME = "$(TARGET_NAME)";
				SWIFT_VERSION = 3.0;
			};
			name = Debug;
		};
		57E2EB9D1EB4079000486853 /* Release */ = {
			isa = XCBuildConfiguration;
			buildSettings = {
				ASSETCATALOG_COMPILER_APPICON_NAME = AppIcon;
				INFOPLIST_FILE = youtube/Info.plist;
				IPHONEOS_DEPLOYMENT_TARGET = 10.0;
				LD_RUNPATH_SEARCH_PATHS = "$(inherited) @executable_path/Frameworks";
				PRODUCT_BUNDLE_IDENTIFIER = com.utrillavictor.youtube;
				PRODUCT_NAME = "$(TARGET_NAME)";
				SWIFT_VERSION = 3.0;
			};
			name = Release;
		};
/* End XCBuildConfiguration section */

/* Begin XCConfigurationList section */
		57E2EB841EB4079000486853 /* Build configuration list for PBXProject "youtube" */ = {
			isa = XCConfigurationList;
			buildConfigurations = (
				57E2EB991EB4079000486853 /* Debug */,
				57E2EB9A1EB4079000486853 /* Release */,
			);
			defaultConfigurationIsVisible = 0;
			defaultConfigurationName = Release;
		};
		57E2EB9B1EB4079000486853 /* Build configuration list for PBXNativeTarget "youtube" */ = {
			isa = XCConfigurationList;
			buildConfigurations = (
				57E2EB9C1EB4079000486853 /* Debug */,
				57E2EB9D1EB4079000486853 /* Release */,
			);
			defaultConfigurationIsVisible = 0;
			defaultConfigurationName = Release;
		};
/* End XCConfigurationList section */
	};
	rootObject = 57E2EB811EB4079000486853 /* Project object */;
}
